// !$*UTF8*$!
{
	archiveVersion = 1;
	classes = {
	};
	objectVersion = 46;
	objects = {

/* Begin PBXBuildFile section */
		8258E8EE19F3D4F700BB5E12 /* UserManager.swift in Sources */ = {isa = PBXBuildFile; fileRef = 8258E8ED19F3D4F700BB5E12 /* UserManager.swift */; };
		8258E8F319F3E00D00BB5E12 /* FileViewController.swift in Sources */ = {isa = PBXBuildFile; fileRef = 8258E8F119F3E00D00BB5E12 /* FileViewController.swift */; };
		8258E8F419F3E00D00BB5E12 /* FileViewController.xib in Resources */ = {isa = PBXBuildFile; fileRef = 8258E8F219F3E00D00BB5E12 /* FileViewController.xib */; };
		8258E92819F4402D00BB5E12 /* MainViewController.swift in Sources */ = {isa = PBXBuildFile; fileRef = 8258E92619F4402D00BB5E12 /* MainViewController.swift */; };
		8258E92E19F4579400BB5E12 /* AccountViewController.swift in Sources */ = {isa = PBXBuildFile; fileRef = 8258E92C19F4579400BB5E12 /* AccountViewController.swift */; };
		825B078919F3312700E65789 /* AppDelegate.swift in Sources */ = {isa = PBXBuildFile; fileRef = 825B078819F3312700E65789 /* AppDelegate.swift */; };
		825B079019F3312700E65789 /* Images.xcassets in Resources */ = {isa = PBXBuildFile; fileRef = 825B078F19F3312700E65789 /* Images.xcassets */; };
		825B079F19F3312700E65789 /* put_ioTests.swift in Sources */ = {isa = PBXBuildFile; fileRef = 825B079E19F3312700E65789 /* put_ioTests.swift */; };
		825B07B519F337C900E65789 /* FilesViewController.swift in Sources */ = {isa = PBXBuildFile; fileRef = 825B07B419F337C900E65789 /* FilesViewController.swift */; };
		825CA1E619FB771E007281AB /* CoreData.framework in Frameworks */ = {isa = PBXBuildFile; fileRef = 825CA1E519FB771E007281AB /* CoreData.framework */; };
		825CA1F119FB7771007281AB /* data.xcdatamodeld in Sources */ = {isa = PBXBuildFile; fileRef = 825CA1EF19FB7771007281AB /* data.xcdatamodeld */; };
		825CA22119FB7E9C007281AB /* FileStore.swift in Sources */ = {isa = PBXBuildFile; fileRef = 825CA22019FB7E9C007281AB /* FileStore.swift */; };
		825CA22319FB8239007281AB /* File.swift in Sources */ = {isa = PBXBuildFile; fileRef = 825CA22219FB8239007281AB /* File.swift */; };
		825CA22619FB914F007281AB /* CoreDataStore.swift in Sources */ = {isa = PBXBuildFile; fileRef = 825CA22519FB914F007281AB /* CoreDataStore.swift */; };
		825CA22C19FB9164007281AB /* CoreDataHelper.swift in Sources */ = {isa = PBXBuildFile; fileRef = 825CA22B19FB9164007281AB /* CoreDataHelper.swift */; };
		8290F98019F76CBC00158036 /* TransfersViewController.swift in Sources */ = {isa = PBXBuildFile; fileRef = 8290F97F19F76CBC00158036 /* TransfersViewController.swift */; };
		8290F98319F770E300158036 /* TransferCell.swift in Sources */ = {isa = PBXBuildFile; fileRef = 8290F98119F770E300158036 /* TransferCell.swift */; };
		8290F98419F770E300158036 /* TransferCell.xib in Resources */ = {isa = PBXBuildFile; fileRef = 8290F98219F770E300158036 /* TransferCell.xib */; };
		829F52AE19F4DC3E0032B485 /* LoginViewController.swift in Sources */ = {isa = PBXBuildFile; fileRef = 829F52AD19F4DC3E0032B485 /* LoginViewController.swift */; };
		829F52B219F4DC8E0032B485 /* LoginViewController.xib in Resources */ = {isa = PBXBuildFile; fileRef = 829F52B119F4DC8E0032B485 /* LoginViewController.xib */; };
		82C726E319F399020045496A /* SwiftHTTP.framework in Frameworks */ = {isa = PBXBuildFile; fileRef = 82C726E019F398A00045496A /* SwiftHTTP.framework */; };
/* End PBXBuildFile section */

/* Begin PBXContainerItemProxy section */
		825B079919F3312700E65789 /* PBXContainerItemProxy */ = {
			isa = PBXContainerItemProxy;
			containerPortal = 825B077B19F3312700E65789 /* Project object */;
			proxyType = 1;
			remoteGlobalIDString = 825B078219F3312700E65789;
			remoteInfo = put.io;
		};
		825CA1EB19FB771E007281AB /* PBXContainerItemProxy */ = {
			isa = PBXContainerItemProxy;
			containerPortal = 82C726DA19F398A00045496A /* SwiftHTTP.xcodeproj */;
			proxyType = 2;
			remoteGlobalIDString = D958025919E6EEEB003C8218;
			remoteInfo = SwiftHTTPOSX;
		};
		825CA1ED19FB771E007281AB /* PBXContainerItemProxy */ = {
			isa = PBXContainerItemProxy;
			containerPortal = 82C726DA19F398A00045496A /* SwiftHTTP.xcodeproj */;
			proxyType = 2;
			remoteGlobalIDString = D958026319E6EEEB003C8218;
			remoteInfo = SwiftHTTPOSXTests;
		};
		82C726DF19F398A00045496A /* PBXContainerItemProxy */ = {
			isa = PBXContainerItemProxy;
			containerPortal = 82C726DA19F398A00045496A /* SwiftHTTP.xcodeproj */;
			proxyType = 2;
			remoteGlobalIDString = 6BFD901619C8D8B500DD99B6;
			remoteInfo = SwiftHTTP;
		};
		82C726E119F398A00045496A /* PBXContainerItemProxy */ = {
			isa = PBXContainerItemProxy;
			containerPortal = 82C726DA19F398A00045496A /* SwiftHTTP.xcodeproj */;
			proxyType = 2;
			remoteGlobalIDString = 6BFD902119C8D8B500DD99B6;
			remoteInfo = SwiftHTTPTests;
		};
/* End PBXContainerItemProxy section */

/* Begin PBXFileReference section */
		8258E8ED19F3D4F700BB5E12 /* UserManager.swift */ = {isa = PBXFileReference; fileEncoding = 4; lastKnownFileType = sourcecode.swift; path = UserManager.swift; sourceTree = "<group>"; };
		8258E8F119F3E00D00BB5E12 /* FileViewController.swift */ = {isa = PBXFileReference; fileEncoding = 4; lastKnownFileType = sourcecode.swift; path = FileViewController.swift; sourceTree = "<group>"; };
		8258E8F219F3E00D00BB5E12 /* FileViewController.xib */ = {isa = PBXFileReference; fileEncoding = 4; lastKnownFileType = file.xib; path = FileViewController.xib; sourceTree = "<group>"; };
		8258E92619F4402D00BB5E12 /* MainViewController.swift */ = {isa = PBXFileReference; fileEncoding = 4; lastKnownFileType = sourcecode.swift; path = MainViewController.swift; sourceTree = "<group>"; };
		8258E92C19F4579400BB5E12 /* AccountViewController.swift */ = {isa = PBXFileReference; fileEncoding = 4; lastKnownFileType = sourcecode.swift; path = AccountViewController.swift; sourceTree = "<group>"; };
		825B078319F3312700E65789 /* put.io.app */ = {isa = PBXFileReference; explicitFileType = wrapper.application; includeInIndex = 0; path = put.io.app; sourceTree = BUILT_PRODUCTS_DIR; };
		825B078719F3312700E65789 /* Info.plist */ = {isa = PBXFileReference; lastKnownFileType = text.plist.xml; path = Info.plist; sourceTree = "<group>"; };
		825B078819F3312700E65789 /* AppDelegate.swift */ = {isa = PBXFileReference; lastKnownFileType = sourcecode.swift; path = AppDelegate.swift; sourceTree = "<group>"; };
		825B078F19F3312700E65789 /* Images.xcassets */ = {isa = PBXFileReference; lastKnownFileType = folder.assetcatalog; path = Images.xcassets; sourceTree = "<group>"; };
		825B079819F3312700E65789 /* put.ioTests.xctest */ = {isa = PBXFileReference; explicitFileType = wrapper.cfbundle; includeInIndex = 0; path = put.ioTests.xctest; sourceTree = BUILT_PRODUCTS_DIR; };
		825B079D19F3312700E65789 /* Info.plist */ = {isa = PBXFileReference; lastKnownFileType = text.plist.xml; path = Info.plist; sourceTree = "<group>"; };
		825B079E19F3312700E65789 /* put_ioTests.swift */ = {isa = PBXFileReference; lastKnownFileType = sourcecode.swift; path = put_ioTests.swift; sourceTree = "<group>"; };
		825B07B419F337C900E65789 /* FilesViewController.swift */ = {isa = PBXFileReference; fileEncoding = 4; lastKnownFileType = sourcecode.swift; path = FilesViewController.swift; sourceTree = "<group>"; };
		825CA1E519FB771E007281AB /* CoreData.framework */ = {isa = PBXFileReference; lastKnownFileType = wrapper.framework; name = CoreData.framework; path = System/Library/Frameworks/CoreData.framework; sourceTree = SDKROOT; };
		825CA1F019FB7771007281AB /* data.xcdatamodel */ = {isa = PBXFileReference; lastKnownFileType = wrapper.xcdatamodel; path = data.xcdatamodel; sourceTree = "<group>"; };
		825CA22019FB7E9C007281AB /* FileStore.swift */ = {isa = PBXFileReference; fileEncoding = 4; lastKnownFileType = sourcecode.swift; path = FileStore.swift; sourceTree = "<group>"; };
		825CA22219FB8239007281AB /* File.swift */ = {isa = PBXFileReference; fileEncoding = 4; lastKnownFileType = sourcecode.swift; path = File.swift; sourceTree = "<group>"; };
		825CA22519FB914F007281AB /* CoreDataStore.swift */ = {isa = PBXFileReference; fileEncoding = 4; lastKnownFileType = sourcecode.swift; path = CoreDataStore.swift; sourceTree = "<group>"; };
		825CA22B19FB9164007281AB /* CoreDataHelper.swift */ = {isa = PBXFileReference; fileEncoding = 4; lastKnownFileType = sourcecode.swift; path = CoreDataHelper.swift; sourceTree = "<group>"; };
		8290F97F19F76CBC00158036 /* TransfersViewController.swift */ = {isa = PBXFileReference; fileEncoding = 4; lastKnownFileType = sourcecode.swift; path = TransfersViewController.swift; sourceTree = "<group>"; };
		8290F98119F770E300158036 /* TransferCell.swift */ = {isa = PBXFileReference; fileEncoding = 4; lastKnownFileType = sourcecode.swift; path = TransferCell.swift; sourceTree = "<group>"; };
		8290F98219F770E300158036 /* TransferCell.xib */ = {isa = PBXFileReference; fileEncoding = 4; lastKnownFileType = file.xib; path = TransferCell.xib; sourceTree = "<group>"; };
		829F52AD19F4DC3E0032B485 /* LoginViewController.swift */ = {isa = PBXFileReference; fileEncoding = 4; lastKnownFileType = sourcecode.swift; path = LoginViewController.swift; sourceTree = "<group>"; };
		829F52B119F4DC8E0032B485 /* LoginViewController.xib */ = {isa = PBXFileReference; fileEncoding = 4; lastKnownFileType = file.xib; path = LoginViewController.xib; sourceTree = "<group>"; };
		82C726DA19F398A00045496A /* SwiftHTTP.xcodeproj */ = {isa = PBXFileReference; lastKnownFileType = "wrapper.pb-project"; name = SwiftHTTP.xcodeproj; path = Libraries/SwiftHTTP/SwiftHTTP.xcodeproj; sourceTree = "<group>"; };
/* End PBXFileReference section */

/* Begin PBXFrameworksBuildPhase section */
		825B078019F3312700E65789 /* Frameworks */ = {
			isa = PBXFrameworksBuildPhase;
			buildActionMask = 2147483647;
			files = (
				825CA1E619FB771E007281AB /* CoreData.framework in Frameworks */,
				82C726E319F399020045496A /* SwiftHTTP.framework in Frameworks */,
			);
			runOnlyForDeploymentPostprocessing = 0;
		};
		825B079519F3312700E65789 /* Frameworks */ = {
			isa = PBXFrameworksBuildPhase;
			buildActionMask = 2147483647;
			files = (
			);
			runOnlyForDeploymentPostprocessing = 0;
		};
/* End PBXFrameworksBuildPhase section */

/* Begin PBXGroup section */
		825B077A19F3312700E65789 = {
			isa = PBXGroup;
			children = (
				825CA1E519FB771E007281AB /* CoreData.framework */,
				82C726DA19F398A00045496A /* SwiftHTTP.xcodeproj */,
				825B078519F3312700E65789 /* put.io */,
				825B079B19F3312700E65789 /* put.ioTests */,
				825B078419F3312700E65789 /* Products */,
			);
			sourceTree = "<group>";
		};
		825B078419F3312700E65789 /* Products */ = {
			isa = PBXGroup;
			children = (
				825B078319F3312700E65789 /* put.io.app */,
				825B079819F3312700E65789 /* put.ioTests.xctest */,
			);
			name = Products;
			sourceTree = "<group>";
		};
		825B078519F3312700E65789 /* put.io */ = {
			isa = PBXGroup;
			children = (
				8290F97C19F76C4E00158036 /* Transfers */,
				8290F97B19F76C2000158036 /* Account */,
				8290F97819F76BFE00158036 /* Files */,
				825B078819F3312700E65789 /* AppDelegate.swift */,
				8258E92619F4402D00BB5E12 /* MainViewController.swift */,
				825B078F19F3312700E65789 /* Images.xcassets */,
				825CA1EF19FB7771007281AB /* data.xcdatamodeld */,
				825CA22519FB914F007281AB /* CoreDataStore.swift */,
				825CA22B19FB9164007281AB /* CoreDataHelper.swift */,
				825B078619F3312700E65789 /* Supporting Files */,
			);
			path = put.io;
			sourceTree = "<group>";
		};
		825B078619F3312700E65789 /* Supporting Files */ = {
			isa = PBXGroup;
			children = (
				825B078719F3312700E65789 /* Info.plist */,
			);
			name = "Supporting Files";
			sourceTree = "<group>";
		};
		825B079B19F3312700E65789 /* put.ioTests */ = {
			isa = PBXGroup;
			children = (
				825B079E19F3312700E65789 /* put_ioTests.swift */,
				825B079C19F3312700E65789 /* Supporting Files */,
			);
			path = put.ioTests;
			sourceTree = "<group>";
		};
		825B079C19F3312700E65789 /* Supporting Files */ = {
			isa = PBXGroup;
			children = (
				825B079D19F3312700E65789 /* Info.plist */,
			);
			name = "Supporting Files";
			sourceTree = "<group>";
		};
		8290F97819F76BFE00158036 /* Files */ = {
			isa = PBXGroup;
			children = (
				8258E8F119F3E00D00BB5E12 /* FileViewController.swift */,
				8258E8F219F3E00D00BB5E12 /* FileViewController.xib */,
				825B07B419F337C900E65789 /* FilesViewController.swift */,
				825CA22019FB7E9C007281AB /* FileStore.swift */,
				825CA22219FB8239007281AB /* File.swift */,
			);
			name = Files;
			sourceTree = "<group>";
		};
		8290F97B19F76C2000158036 /* Account */ = {
			isa = PBXGroup;
			children = (
				829F52AD19F4DC3E0032B485 /* LoginViewController.swift */,
				829F52B119F4DC8E0032B485 /* LoginViewController.xib */,
				8258E8ED19F3D4F700BB5E12 /* UserManager.swift */,
				8258E92C19F4579400BB5E12 /* AccountViewController.swift */,
			);
			name = Account;
			sourceTree = "<group>";
		};
		8290F97C19F76C4E00158036 /* Transfers */ = {
			isa = PBXGroup;
			children = (
				8290F97F19F76CBC00158036 /* TransfersViewController.swift */,
				8290F98119F770E300158036 /* TransferCell.swift */,
				8290F98219F770E300158036 /* TransferCell.xib */,
			);
			name = Transfers;
			sourceTree = "<group>";
		};
		82C726DB19F398A00045496A /* Products */ = {
			isa = PBXGroup;
			children = (
				82C726E019F398A00045496A /* SwiftHTTP.framework */,
				82C726E219F398A00045496A /* SwiftHTTPTests.xctest */,
				825CA1EC19FB771E007281AB /* SwiftHTTPOSX.framework */,
				825CA1EE19FB771E007281AB /* SwiftHTTPOSXTests.xctest */,
			);
			name = Products;
			sourceTree = "<group>";
		};
/* End PBXGroup section */

/* Begin PBXNativeTarget section */
		825B078219F3312700E65789 /* put.io */ = {
			isa = PBXNativeTarget;
			buildConfigurationList = 825B07A219F3312700E65789 /* Build configuration list for PBXNativeTarget "put.io" */;
			buildPhases = (
				825B077F19F3312700E65789 /* Sources */,
				825B078019F3312700E65789 /* Frameworks */,
				825B078119F3312700E65789 /* Resources */,
			);
			buildRules = (
			);
			dependencies = (
			);
			name = put.io;
			productName = put.io;
			productReference = 825B078319F3312700E65789 /* put.io.app */;
			productType = "com.apple.product-type.application";
		};
		825B079719F3312700E65789 /* put.ioTests */ = {
			isa = PBXNativeTarget;
			buildConfigurationList = 825B07A519F3312700E65789 /* Build configuration list for PBXNativeTarget "put.ioTests" */;
			buildPhases = (
				825B079419F3312700E65789 /* Sources */,
				825B079519F3312700E65789 /* Frameworks */,
				825B079619F3312700E65789 /* Resources */,
			);
			buildRules = (
			);
			dependencies = (
				825B079A19F3312700E65789 /* PBXTargetDependency */,
			);
			name = put.ioTests;
			productName = put.ioTests;
			productReference = 825B079819F3312700E65789 /* put.ioTests.xctest */;
			productType = "com.apple.product-type.bundle.unit-test";
		};
/* End PBXNativeTarget section */

/* Begin PBXProject section */
		825B077B19F3312700E65789 /* Project object */ = {
			isa = PBXProject;
			attributes = {
				LastUpgradeCheck = 0600;
				ORGANIZATIONNAME = "Mohsen Azimi";
				TargetAttributes = {
					825B078219F3312700E65789 = {
						CreatedOnToolsVersion = 6.0.1;
					};
					825B079719F3312700E65789 = {
						CreatedOnToolsVersion = 6.0.1;
						TestTargetID = 825B078219F3312700E65789;
					};
				};
			};
			buildConfigurationList = 825B077E19F3312700E65789 /* Build configuration list for PBXProject "put.io" */;
			compatibilityVersion = "Xcode 3.2";
			developmentRegion = English;
			hasScannedForEncodings = 0;
			knownRegions = (
				en,
				Base,
			);
			mainGroup = 825B077A19F3312700E65789;
			productRefGroup = 825B078419F3312700E65789 /* Products */;
			projectDirPath = "";
			projectReferences = (
				{
					ProductGroup = 82C726DB19F398A00045496A /* Products */;
					ProjectRef = 82C726DA19F398A00045496A /* SwiftHTTP.xcodeproj */;
				},
			);
			projectRoot = "";
			targets = (
				825B078219F3312700E65789 /* put.io */,
				825B079719F3312700E65789 /* put.ioTests */,
			);
		};
/* End PBXProject section */

/* Begin PBXReferenceProxy section */
		825CA1EC19FB771E007281AB /* SwiftHTTPOSX.framework */ = {
			isa = PBXReferenceProxy;
			fileType = wrapper.framework;
			path = SwiftHTTPOSX.framework;
			remoteRef = 825CA1EB19FB771E007281AB /* PBXContainerItemProxy */;
			sourceTree = BUILT_PRODUCTS_DIR;
		};
		825CA1EE19FB771E007281AB /* SwiftHTTPOSXTests.xctest */ = {
			isa = PBXReferenceProxy;
			fileType = wrapper.cfbundle;
			path = SwiftHTTPOSXTests.xctest;
			remoteRef = 825CA1ED19FB771E007281AB /* PBXContainerItemProxy */;
			sourceTree = BUILT_PRODUCTS_DIR;
		};
		82C726E019F398A00045496A /* SwiftHTTP.framework */ = {
			isa = PBXReferenceProxy;
			fileType = wrapper.framework;
			path = SwiftHTTP.framework;
			remoteRef = 82C726DF19F398A00045496A /* PBXContainerItemProxy */;
			sourceTree = BUILT_PRODUCTS_DIR;
		};
		82C726E219F398A00045496A /* SwiftHTTPTests.xctest */ = {
			isa = PBXReferenceProxy;
			fileType = wrapper.cfbundle;
			path = SwiftHTTPTests.xctest;
			remoteRef = 82C726E119F398A00045496A /* PBXContainerItemProxy */;
			sourceTree = BUILT_PRODUCTS_DIR;
		};
/* End PBXReferenceProxy section */

/* Begin PBXResourcesBuildPhase section */
		825B078119F3312700E65789 /* Resources */ = {
			isa = PBXResourcesBuildPhase;
			buildActionMask = 2147483647;
			files = (
				8258E8F419F3E00D00BB5E12 /* FileViewController.xib in Resources */,
				825B079019F3312700E65789 /* Images.xcassets in Resources */,
				8290F98419F770E300158036 /* TransferCell.xib in Resources */,
				829F52B219F4DC8E0032B485 /* LoginViewController.xib in Resources */,
			);
			runOnlyForDeploymentPostprocessing = 0;
		};
		825B079619F3312700E65789 /* Resources */ = {
			isa = PBXResourcesBuildPhase;
			buildActionMask = 2147483647;
			files = (
			);
			runOnlyForDeploymentPostprocessing = 0;
		};
/* End PBXResourcesBuildPhase section */

/* Begin PBXSourcesBuildPhase section */
		825B077F19F3312700E65789 /* Sources */ = {
			isa = PBXSourcesBuildPhase;
			buildActionMask = 2147483647;
			files = (
				8290F98319F770E300158036 /* TransferCell.swift in Sources */,
				825CA22319FB8239007281AB /* File.swift in Sources */,
				825CA22119FB7E9C007281AB /* FileStore.swift in Sources */,
				829F52AE19F4DC3E0032B485 /* LoginViewController.swift in Sources */,
				825B07B519F337C900E65789 /* FilesViewController.swift in Sources */,
				8258E8F319F3E00D00BB5E12 /* FileViewController.swift in Sources */,
				825CA22619FB914F007281AB /* CoreDataStore.swift in Sources */,
				8258E92E19F4579400BB5E12 /* AccountViewController.swift in Sources */,
				8258E92819F4402D00BB5E12 /* MainViewController.swift in Sources */,
				8258E8EE19F3D4F700BB5E12 /* UserManager.swift in Sources */,
				825CA22C19FB9164007281AB /* CoreDataHelper.swift in Sources */,
				825CA1F119FB7771007281AB /* data.xcdatamodeld in Sources */,
				825B078919F3312700E65789 /* AppDelegate.swift in Sources */,
				8290F98019F76CBC00158036 /* TransfersViewController.swift in Sources */,
			);
			runOnlyForDeploymentPostprocessing = 0;
		};
		825B079419F3312700E65789 /* Sources */ = {
			isa = PBXSourcesBuildPhase;
			buildActionMask = 2147483647;
			files = (
				825B079F19F3312700E65789 /* put_ioTests.swift in Sources */,
			);
			runOnlyForDeploymentPostprocessing = 0;
		};
/* End PBXSourcesBuildPhase section */

/* Begin PBXTargetDependency section */
		825B079A19F3312700E65789 /* PBXTargetDependency */ = {
			isa = PBXTargetDependency;
			target = 825B078219F3312700E65789 /* put.io */;
			targetProxy = 825B079919F3312700E65789 /* PBXContainerItemProxy */;
		};
/* End PBXTargetDependency section */

/* Begin XCBuildConfiguration section */
		825B07A019F3312700E65789 /* Debug */ = {
			isa = XCBuildConfiguration;
			buildSettings = {
				ALWAYS_SEARCH_USER_PATHS = NO;
				CLANG_CXX_LANGUAGE_STANDARD = "gnu++0x";
				CLANG_CXX_LIBRARY = "libc++";
				CLANG_ENABLE_MODULES = YES;
				CLANG_ENABLE_OBJC_ARC = YES;
				CLANG_WARN_BOOL_CONVERSION = YES;
				CLANG_WARN_CONSTANT_CONVERSION = YES;
				CLANG_WARN_DIRECT_OBJC_ISA_USAGE = YES_ERROR;
				CLANG_WARN_EMPTY_BODY = YES;
				CLANG_WARN_ENUM_CONVERSION = YES;
				CLANG_WARN_INT_CONVERSION = YES;
				CLANG_WARN_OBJC_ROOT_CLASS = YES_ERROR;
				CLANG_WARN_UNREACHABLE_CODE = YES;
				CLANG_WARN__DUPLICATE_METHOD_MATCH = YES;
				"CODE_SIGN_IDENTITY[sdk=iphoneos*]" = "iPhone Developer";
				COPY_PHASE_STRIP = NO;
				ENABLE_STRICT_OBJC_MSGSEND = YES;
				GCC_C_LANGUAGE_STANDARD = gnu99;
				GCC_DYNAMIC_NO_PIC = NO;
				GCC_OPTIMIZATION_LEVEL = 0;
				GCC_PREPROCESSOR_DEFINITIONS = (
					"DEBUG=1",
					"$(inherited)",
				);
				GCC_SYMBOLS_PRIVATE_EXTERN = NO;
				GCC_WARN_64_TO_32_BIT_CONVERSION = YES;
				GCC_WARN_ABOUT_RETURN_TYPE = YES_ERROR;
				GCC_WARN_UNDECLARED_SELECTOR = YES;
				GCC_WARN_UNINITIALIZED_AUTOS = YES_AGGRESSIVE;
				GCC_WARN_UNUSED_FUNCTION = YES;
				GCC_WARN_UNUSED_VARIABLE = YES;
				IPHONEOS_DEPLOYMENT_TARGET = 8.0;
				MTL_ENABLE_DEBUG_INFO = YES;
				ONLY_ACTIVE_ARCH = YES;
				SDKROOT = iphoneos;
				SWIFT_OPTIMIZATION_LEVEL = "-Onone";
			};
			name = Debug;
		};
		825B07A119F3312700E65789 /* Release */ = {
			isa = XCBuildConfiguration;
			buildSettings = {
				ALWAYS_SEARCH_USER_PATHS = NO;
				CLANG_CXX_LANGUAGE_STANDARD = "gnu++0x";
				CLANG_CXX_LIBRARY = "libc++";
				CLANG_ENABLE_MODULES = YES;
				CLANG_ENABLE_OBJC_ARC = YES;
				CLANG_WARN_BOOL_CONVERSION = YES;
				CLANG_WARN_CONSTANT_CONVERSION = YES;
				CLANG_WARN_DIRECT_OBJC_ISA_USAGE = YES_ERROR;
				CLANG_WARN_EMPTY_BODY = YES;
				CLANG_WARN_ENUM_CONVERSION = YES;
				CLANG_WARN_INT_CONVERSION = YES;
				CLANG_WARN_OBJC_ROOT_CLASS = YES_ERROR;
				CLANG_WARN_UNREACHABLE_CODE = YES;
				CLANG_WARN__DUPLICATE_METHOD_MATCH = YES;
				"CODE_SIGN_IDENTITY[sdk=iphoneos*]" = "iPhone Developer";
				COPY_PHASE_STRIP = YES;
				ENABLE_NS_ASSERTIONS = NO;
				ENABLE_STRICT_OBJC_MSGSEND = YES;
				GCC_C_LANGUAGE_STANDARD = gnu99;
				GCC_WARN_64_TO_32_BIT_CONVERSION = YES;
				GCC_WARN_ABOUT_RETURN_TYPE = YES_ERROR;
				GCC_WARN_UNDECLARED_SELECTOR = YES;
				GCC_WARN_UNINITIALIZED_AUTOS = YES_AGGRESSIVE;
				GCC_WARN_UNUSED_FUNCTION = YES;
				GCC_WARN_UNUSED_VARIABLE = YES;
				IPHONEOS_DEPLOYMENT_TARGET = 8.0;
				MTL_ENABLE_DEBUG_INFO = NO;
				SDKROOT = iphoneos;
				VALIDATE_PRODUCT = YES;
			};
			name = Release;
		};
		825B07A319F3312700E65789 /* Debug */ = {
			isa = XCBuildConfiguration;
			buildSettings = {
				ASSETCATALOG_COMPILER_APPICON_NAME = AppIcon;
				INFOPLIST_FILE = put.io/Info.plist;
				LD_RUNPATH_SEARCH_PATHS = "$(inherited) @executable_path/Frameworks";
				PRODUCT_NAME = "$(TARGET_NAME)";
			};
			name = Debug;
		};
		825B07A419F3312700E65789 /* Release */ = {
			isa = XCBuildConfiguration;
			buildSettings = {
				ASSETCATALOG_COMPILER_APPICON_NAME = AppIcon;
				INFOPLIST_FILE = put.io/Info.plist;
				LD_RUNPATH_SEARCH_PATHS = "$(inherited) @executable_path/Frameworks";
				PRODUCT_NAME = "$(TARGET_NAME)";
			};
			name = Release;
		};
		825B07A619F3312700E65789 /* Debug */ = {
			isa = XCBuildConfiguration;
			buildSettings = {
				BUNDLE_LOADER = "$(TEST_HOST)";
				FRAMEWORK_SEARCH_PATHS = (
					"$(SDKROOT)/Developer/Library/Frameworks",
					"$(inherited)",
				);
				GCC_PREPROCESSOR_DEFINITIONS = (
					"DEBUG=1",
					"$(inherited)",
				);
				INFOPLIST_FILE = put.ioTests/Info.plist;
				LD_RUNPATH_SEARCH_PATHS = "$(inherited) @executable_path/Frameworks @loader_path/Frameworks";
				PRODUCT_NAME = "$(TARGET_NAME)";
				TEST_HOST = "$(BUILT_PRODUCTS_DIR)/put.io.app/put.io";
			};
			name = Debug;
		};
		825B07A719F3312700E65789 /* Release */ = {
			isa = XCBuildConfiguration;
			buildSettings = {
				BUNDLE_LOADER = "$(TEST_HOST)";
				FRAMEWORK_SEARCH_PATHS = (
					"$(SDKROOT)/Developer/Library/Frameworks",
					"$(inherited)",
				);
				INFOPLIST_FILE = put.ioTests/Info.plist;
				LD_RUNPATH_SEARCH_PATHS = "$(inherited) @executable_path/Frameworks @loader_path/Frameworks";
				PRODUCT_NAME = "$(TARGET_NAME)";
				TEST_HOST = "$(BUILT_PRODUCTS_DIR)/put.io.app/put.io";
			};
			name = Release;
		};
/* End XCBuildConfiguration section */

/* Begin XCConfigurationList section */
		825B077E19F3312700E65789 /* Build configuration list for PBXProject "put.io" */ = {
			isa = XCConfigurationList;
			buildConfigurations = (
				825B07A019F3312700E65789 /* Debug */,
				825B07A119F3312700E65789 /* Release */,
			);
			defaultConfigurationIsVisible = 0;
			defaultConfigurationName = Release;
		};
		825B07A219F3312700E65789 /* Build configuration list for PBXNativeTarget "put.io" */ = {
			isa = XCConfigurationList;
			buildConfigurations = (
				825B07A319F3312700E65789 /* Debug */,
				825B07A419F3312700E65789 /* Release */,
			);
			defaultConfigurationIsVisible = 0;
			defaultConfigurationName = Release;
		};
		825B07A519F3312700E65789 /* Build configuration list for PBXNativeTarget "put.ioTests" */ = {
			isa = XCConfigurationList;
			buildConfigurations = (
				825B07A619F3312700E65789 /* Debug */,
				825B07A719F3312700E65789 /* Release */,
			);
			defaultConfigurationIsVisible = 0;
			defaultConfigurationName = Release;
		};
/* End XCConfigurationList section */

/* Begin XCVersionGroup section */
		825CA1EF19FB7771007281AB /* data.xcdatamodeld */ = {
			isa = XCVersionGroup;
			children = (
				825CA1F019FB7771007281AB /* data.xcdatamodel */,
			);
			currentVersion = 825CA1F019FB7771007281AB /* data.xcdatamodel */;
			path = data.xcdatamodeld;
			sourceTree = "<group>";
			versionGroupType = wrapper.xcdatamodel;
		};
/* End XCVersionGroup section */
	};
	rootObject = 825B077B19F3312700E65789 /* Project object */;
}
